
Microsoft Visual Studio Solution File, Format Version 12.00
# Visual Studio Version 16
VisualStudioVersion = 16.0.31624.102
MinimumVisualStudioVersion = 10.0.40219.1
Project("{FAE04EC0-301F-11D3-BF4B-00C04F79EFBC}") = "ADO.Net_AddressBook", "ADO.Net_AddressBook\ADO.Net_AddressBook.csproj", "{E80ECD82-5183-45BF-ADD2-6E0648B7A20A}"
EndProject
Global
	GlobalSection(SolutionConfigurationPlatforms) = preSolution
		Debug|Any CPU = Debug|Any CPU
		Release|Any CPU = Release|Any CPU
	EndGlobalSection
	GlobalSection(ProjectConfigurationPlatforms) = postSolution
		{E80ECD82-5183-45BF-ADD2-6E0648B7A20A}.Debug|Any CPU.ActiveCfg = Debug|Any CPU
		{E80ECD82-5183-45BF-ADD2-6E0648B7A20A}.Debug|Any CPU.Build.0 = Debug|Any CPU
		{E80ECD82-5183-45BF-ADD2-6E0648B7A20A}.Release|Any CPU.ActiveCfg = Release|Any CPU
		{E80ECD82-5183-45BF-ADD2-6E0648B7A20A}.Release|Any CPU.Build.0 = Release|Any CPU
	EndGlobalSection
	GlobalSection(SolutionProperties) = preSolution
		HideSolutionNode = FALSE
	EndGlobalSection
	GlobalSection(ExtensibilityGlobals) = postSolution
		SolutionGuid = {5F1DD81A-A59A-413E-9FA4-9EC708DCCD2B}
	EndGlobalSection
EndGlobal
